
Microsoft Visual Studio Solution File, Format Version 12.00
# Visual Studio Version 17
VisualStudioVersion = 17.9.34622.214
MinimumVisualStudioVersion = 10.0.40219.1
Project("{FAE04EC0-301F-11D3-BF4B-00C04F79EFBC}") = "API", "API\API.csproj", "{08BE9630-1D4A-4712-BDD1-F079DBF4C9C0}"
EndProject
Global
	GlobalSection(SolutionConfigurationPlatforms) = preSolution
		Debug|Any CPU = Debug|Any CPU
		Release|Any CPU = Release|Any CPU
	EndGlobalSection
	GlobalSection(ProjectConfigurationPlatforms) = postSolution
		{08BE9630-1D4A-4712-BDD1-F079DBF4C9C0}.Debug|Any CPU.ActiveCfg = Debug|Any CPU
		{08BE9630-1D4A-4712-BDD1-F079DBF4C9C0}.Debug|Any CPU.Build.0 = Debug|Any CPU
		{08BE9630-1D4A-4712-BDD1-F079DBF4C9C0}.Release|Any CPU.ActiveCfg = Release|Any CPU
		{08BE9630-1D4A-4712-BDD1-F079DBF4C9C0}.Release|Any CPU.Build.0 = Release|Any CPU
	EndGlobalSection
	GlobalSection(SolutionProperties) = preSolution
		HideSolutionNode = FALSE
	EndGlobalSection
	GlobalSection(ExtensibilityGlobals) = postSolution
		SolutionGuid = {75EF680A-AA32-4209-9F87-03A6E557BF11}
	EndGlobalSection
EndGlobal
